{
    "_meta": {
        "hash": {
            "sha256": "1d737b64482615840863edc3015f1bd24154d5d36112243abba053c1443a0b28"
        },
        "pipfile-spec": 6,
        "requires": {
            "python_version": "3.6"
        },
        "sources": [
            {
                "name": "pypi",
                "url": "https://pypi.org/simple",
                "verify_ssl": true
            }
        ]
    },
    "default": {
        "backcall": {
            "hashes": [
                "sha256:38ecd85be2c1e78f77fd91700c76e14667dc21e2713b63876c0eb901196e01e4",
                "sha256:bbbf4b1e5cd2bdb08f915895b51081c041bac22394fdfcfdfbe9f14b77c08bf2"
            ],
            "version": "==0.1.0"
        },
        "decorator": {
            "hashes": [
                "sha256:2c51dff8ef3c447388fe5e4453d24a2bf128d3a4c32af3fabef1f01c6851ab82",
                "sha256:c39efa13fbdeb4506c476c9b3babf6a718da943dab7811c206005a4a956c080c"
            ],
            "version": "==4.3.0"
        },
        "editdistance": {
            "hashes": [
                "sha256:00aa0181965d6619d166f5bedc9895cea2af6ff54615393a3af7a416b8846825",
                "sha256:0ce0648d427b87f5444641fa5e6ae7a1c162329e1b64e1f55f4e3cee27b0f255",
                "sha256:11a343422c200eabb873dc40de145d29e5bbc8d0c20169f98228a60f4ff4ba76",
                "sha256:19021eeab7bb8a8ca3233b573b3ee89495de5c77aadc27b7e9c85b943036bd44",
                "sha256:24145b3bbe0bcd52164a24c10319d13326d1cfa98f8ba879c9a90cdac3984aaf",
                "sha256:39d56382029813a5c9a80194e65610c455d7e4f25d25e42829e4947ff8441421",
                "sha256:3a9d4a76f481ba5d49a28a25c804ae9ba82cecc111664c054354a29e98bc93d6",
                "sha256:408cf97b4cacfd7a0a868444df4bca1aa7f2c9dd82e885899f63cb3bcb26f48f",
                "sha256:45c6d63087803f0c4eedd5c0c04300f7daf55f82c1736efd8258764ed8625775",
                "sha256:560ba4f2156819c8b0157ecb29c972191bff04943016c59230cb5216407e4bc0",
                "sha256:5fc42568ba1c381a9ca62635100ee1a3674373111391d9c9d949dd71c4bd7d4d",
                "sha256:70ebab3ca512267f99fcd344280f4ece0d77aa6071ee372955d0b3f8f71b5b5f",
                "sha256:729347cbdb3ff1a60077ec0757785f0e3297b99cfc7350ae2c8edad3bde9e91c",
                "sha256:850c8e78ca2a9ecb48673f19ec66892c9a5bfd10612dbe8b46dfeaaf51e83dde",
                "sha256:8a16f6ea0aa1aa6814afed5d003768dbe29a3c75494af85077ac5a1ef1ee33b1",
                "sha256:97f04e8c0fd6e3fdb9b7cbd7820ac9d4b25eca6bb7eac0cdf5a23a1b8b9c6639",
                "sha256:a14bf476030113deb686ead4b69509523bffc4ca18f5e7091cbd2624e12bfa49",
                "sha256:a2a51299b4dff5bfae12047c305b194719d58b48f4da1f05c10c1f77cdb0c0f8",
                "sha256:ac67685b879b5c2848bc54c5e01b1c225f680f0abf0c9f0cce63fa157dc6668c",
                "sha256:ad9c79528441868af3c98b3ce3ae1dad3075094c129bebfa52ac87e5d9abc4fd",
                "sha256:ae20348e5a3a560ce2faa5f2006ab168b748bdcf45e4b59716392f00aa1a1233",
                "sha256:bbf0d7aa6a5b7de663a5c3b6b28e69556eb3590ba7c94e985605ec044ce4f955",
                "sha256:c1c584042c501dc36d821a931412fda7fa71f1132cb6cc3212a250333da9b038",
                "sha256:c765db6f8817d38922e4a50be4b9ab338b2c539377b6fcf0bca11dea72eeb8c1",
                "sha256:db83a6eff3d6c294062c334cdb7aefaad398bbd0dc2cfbf2c5e1425b664c7cd6",
                "sha256:dd3c68078a2fffac876c0d39bd43ca466d790ebc6a4f49b5460d968f36f2b878",
                "sha256:dfd38f5b3c07f4521aaa2be80cc81b057c90a6d2cd4fc482551dd9013354a39b"
            ],
            "index": "pypi",
            "version": "==0.4"
        },
        "ipdb": {
            "hashes": [
                "sha256:7081c65ed7bfe7737f83fa4213ca8afd9617b42ff6b3f1daf9a3419839a2a00a"
            ],
            "index": "pypi",
            "version": "==0.11"
        },
        "ipython": {
            "hashes": [
                "sha256:007dcd929c14631f83daff35df0147ea51d1af420da303fd078343878bd5fb62",
                "sha256:b0f2ef9eada4a68ef63ee10b6dde4f35c840035c50fd24265f8052c98947d5a4"
            ],
            "version": "==6.5.0"
        },
        "ipython-genutils": {
            "hashes": [
                "sha256:72dd37233799e619666c9f639a9da83c34013a73e8bbc79a7a6348d93c61fab8",
                "sha256:eb2e116e75ecef9d4d228fdc66af54269afa26ab4463042e33785b887c628ba8"
            ],
            "version": "==0.2.0"
        },
        "jedi": {
            "hashes": [
                "sha256:b409ed0f6913a701ed474a614a3bb46e6953639033e31f769ca7581da5bd1ec1",
                "sha256:c254b135fb39ad76e78d4d8f92765ebc9bf92cbc76f49e97ade1d5f5121e1f6f"
            ],
            "version": "==0.12.1"
        },
        "numpy": {
            "hashes": [
                "sha256:1c362ad12dd09a43b348bb28dd2295dd9cdf77f41f0f45965e04ba97f525b864",
                "sha256:2156a06bd407918df4ac0122df6497a9c137432118f585e5b17d543e593d1587",
                "sha256:24e4149c38489b51fc774b1e1faa9103e82f73344d7a00ba66f6845ab4769f3f",
                "sha256:340ec1697d9bb3a9c464028af7a54245298502e91178bddb4c37626d36e197b7",
                "sha256:35db8d419345caa4eeaa65cd63f34a15208acd87530a30f0bc25fc84f55c8c80",
                "sha256:361370e9b7f5e44c41eee29f2bb5cb3b755abb4b038bce6d6cbe08db7ff9cb74",
                "sha256:36e8dcd1813ca92ce7e4299120cee6c03adad33d89b54862c1b1a100443ac399",
                "sha256:378378973546ecc1dfaf9e24c160d683dd04df871ecd2dcc86ce658ca20f92c0",
                "sha256:419e6faee16097124ee627ed31572c7e80a1070efa25260b78097cca240e219a",
                "sha256:4287104c24e6a09b9b418761a1e7b1bbde65105f110690ca46a23600a3c606b8",
                "sha256:549f3e9778b148a47f4fb4682955ed88057eb627c9fe5467f33507c536deda9d",
                "sha256:5e359e9c531075220785603e5966eef20ccae9b3b6b8a06fdfb66c084361ce92",
                "sha256:5ee7f3dbbdba0da75dec7e94bd7a2b10fe57a83e1b38e678200a6ad8e7b14fdc",
                "sha256:62d55e96ec7b117d3d5e618c15efcf769e70a6effaee5842857b64fb4883887a",
                "sha256:719b6789acb2bc86ea9b33a701d7c43dc2fc56d95107fd3c5b0a8230164d4dfb",
                "sha256:7a70f2b60d48828cba94a54a8776b61a9c2657a803d47f5785f8062e3a9c7c55",
                "sha256:7b9e37f194f8bcdca8e9e6af92e2cbad79e360542effc2dd6b98d63955d8d8a3",
                "sha256:83b8fc18261b70f45bece2d392537c93dc81eb6c539a16c9ac994c47fc79f09a",
                "sha256:9473ad28375710ab18378e72b59422399b27e957e9339c413bf00793b4b12df0",
                "sha256:95b085b253080e5d09f7826f5e27dce067bae813a132023a77b739614a29de6e",
                "sha256:98b86c62c08c2e5dc98a9c856d4a95329d11b1c6058cb9b5191d5ea6891acd09",
                "sha256:a3bd01d6d3ed3d7c06d7f9979ba5d68281f15383fafd53b81aa44b9191047cf8",
                "sha256:c81a6afc1d2531a9ada50b58f8c36197f8418ef3d0611d4c1d7af93fdcda764f",
                "sha256:ce75ed495a746e3e78cfa22a77096b3bff2eda995616cb7a542047f233091268",
                "sha256:dae8618c0bcbfcf6cf91350f8abcdd84158323711566a8c5892b5c7f832af76f",
                "sha256:df0b02c6705c5d1c25cc35c7b5d6b6f9b3b30833f9d178843397ae55ecc2eebb",
                "sha256:e3660744cda0d94b90141cdd0db9308b958a372cfeee8d7188fdf5ad9108ea82",
                "sha256:f2362d0ca3e16c37782c1054d7972b8ad2729169567e3f0f4e5dd3cdf85f188e"
            ],
            "index": "pypi",
            "version": "==1.15.1"
        },
        "parso": {
            "hashes": [
                "sha256:35704a43a3c113cce4de228ddb39aab374b8004f4f2407d070b6a2ca784ce8a2",
                "sha256:895c63e93b94ac1e1690f5fdd40b65f07c8171e3e53cbd7793b5b96c0e0a7f24"
            ],
            "version": "==0.3.1"
        },
        "pexpect": {
            "hashes": [
                "sha256:2a8e88259839571d1251d278476f3eec5db26deb73a70be5ed5dc5435e418aba",
                "sha256:3fbd41d4caf27fa4a377bfd16fef87271099463e6fa73e92a52f92dfee5d425b"
            ],
            "markers": "sys_platform != 'win32'",
            "version": "==4.6.0"
        },
        "pickleshare": {
            "hashes": [
                "sha256:84a9257227dfdd6fe1b4be1319096c20eb85ff1e82c7932f36efccfe1b09737b",
                "sha256:c9a2541f25aeabc070f12f452e1f2a8eae2abd51e1cd19e8430402bdf4c1d8b5"
            ],
            "version": "==0.7.4"
        },
        "prompt-toolkit": {
            "hashes": [
                "sha256:1df952620eccb399c53ebb359cc7d9a8d3a9538cb34c5a1344bdbeb29fbcc381",
                "sha256:3f473ae040ddaa52b52f97f6b4a493cfa9f5920c255a12dc56a7d34397a398a4",
                "sha256:858588f1983ca497f1cf4ffde01d978a3ea02b01c8a26a8bbc5cd2e66d816917"
            ],
            "version": "==1.0.15"
        },
        "ptyprocess": {
            "hashes": [
                "sha256:923f299cc5ad920c68f2bc0bc98b75b9f838b93b599941a6b63ddbc2476394c0",
                "sha256:d7cc528d76e76342423ca640335bd3633420dc1366f258cb31d05e865ef5ca1f"
            ],
            "version": "==0.6.0"
        },
        "pygments": {
            "hashes": [
                "sha256:78f3f434bcc5d6ee09020f92ba487f95ba50f1e3ef83ae96b9d5ffa1bab25c5d",
                "sha256:dbae1046def0efb574852fab9e90209b23f556367b5a320c0bcb871c77c3e8cc"
            ],
            "version": "==2.2.0"
        },
        "simplegeneric": {
            "hashes": [
                "sha256:dc972e06094b9af5b855b3df4a646395e43d1c9d0d39ed345b7393560d0b9173"
            ],
            "version": "==0.8.1"
        },
        "six": {
            "hashes": [
                "sha256:70e8a77beed4562e7f14fe23a786b54f6296e34344c23bc42f07b15018ff98e9",
                "sha256:832dc0e10feb1aa2c68dcc57dbb658f1c7e65b9b61af69048abc87a2db00a0eb"
            ],
            "version": "==1.11.0"
        },
        "traitlets": {
            "hashes": [
                "sha256:9c4bd2d267b7153df9152698efb1050a5d84982d3384a37b2c1f7723ba3e7835",
                "sha256:c6cb5e6f57c5a9bdaa40fa71ce7b4af30298fbab9ece9815b5d995ab6217c7d9"
            ],
            "version": "==4.3.2"
        },
        "wcwidth": {
            "hashes": [
                "sha256:3df37372226d6e63e1b1e1eda15c594bca98a22d33a23832a90998faa96bc65e",
                "sha256:f4ebe71925af7b40a864553f761ed559b43544f8f71746c2d756c7fe788ade7c"
            ],
            "version": "==0.1.7"
        }
    },
    "develop": {}
}
